
Microsoft Visual Studio Solution File, Format Version 12.00
# Visual Studio Version 17
VisualStudioVersion = 17.10.34916.146
MinimumVisualStudioVersion = 10.0.40219.1
Project("{FAE04EC0-301F-11D3-BF4B-00C04F79EFBC}") = "ARF.React.AspNetCore.TravelBookingPlatform.Server", "ARF.React.AspNetCore.TravelBookingPlatform.Server\ARF.React.AspNetCore.TravelBookingPlatform.Server.csproj", "{F9367011-46A1-48E0-932D-3A0B0AA30381}"
EndProject
Project("{54A90642-561A-4BB1-A94E-469ADEE60C69}") = "arf.react.aspnetcore.travelbookingplatform.client", "arf.react.aspnetcore.travelbookingplatform.client\arf.react.aspnetcore.travelbookingplatform.client.esproj", "{34F2E160-6982-4659-BBF5-33B61EB82729}"
EndProject
Global
	GlobalSection(SolutionConfigurationPlatforms) = preSolution
		Debug|Any CPU = Debug|Any CPU
		Release|Any CPU = Release|Any CPU
	EndGlobalSection
	GlobalSection(ProjectConfigurationPlatforms) = postSolution
		{F9367011-46A1-48E0-932D-3A0B0AA30381}.Debug|Any CPU.ActiveCfg = Debug|Any CPU
		{F9367011-46A1-48E0-932D-3A0B0AA30381}.Debug|Any CPU.Build.0 = Debug|Any CPU
		{F9367011-46A1-48E0-932D-3A0B0AA30381}.Release|Any CPU.ActiveCfg = Release|Any CPU
		{F9367011-46A1-48E0-932D-3A0B0AA30381}.Release|Any CPU.Build.0 = Release|Any CPU
		{34F2E160-6982-4659-BBF5-33B61EB82729}.Debug|Any CPU.ActiveCfg = Debug|Any CPU
		{34F2E160-6982-4659-BBF5-33B61EB82729}.Debug|Any CPU.Build.0 = Debug|Any CPU
		{34F2E160-6982-4659-BBF5-33B61EB82729}.Debug|Any CPU.Deploy.0 = Debug|Any CPU
		{34F2E160-6982-4659-BBF5-33B61EB82729}.Release|Any CPU.ActiveCfg = Release|Any CPU
		{34F2E160-6982-4659-BBF5-33B61EB82729}.Release|Any CPU.Build.0 = Release|Any CPU
		{34F2E160-6982-4659-BBF5-33B61EB82729}.Release|Any CPU.Deploy.0 = Release|Any CPU
	EndGlobalSection
	GlobalSection(SolutionProperties) = preSolution
		HideSolutionNode = FALSE
	EndGlobalSection
	GlobalSection(ExtensibilityGlobals) = postSolution
		SolutionGuid = {E4B624E4-065E-425B-A564-7FBA63C90BDB}
	EndGlobalSection
EndGlobal
